{
  "name": "bountyagent",
  "version": "1.0.0",
  "lockfileVersion": 3,
  "requires": true,
  "packages": {
    "": {
      "name": "bountyagent",
      "version": "1.0.0",
      "optionalDependencies": {
        "patchright": "^1.0.0"
      }
    },
    "node_modules/fsevents": {
      "version": "2.3.2",
      "resolved": "https://registry.npmjs.org/fsevents/-/fsevents-2.3.2.tgz",
      "integrity": "sha512-xiqMQR4xAeHTuB9uWm+fFRcIOgKBMiOBP+eXiyT7jsgVCq1bkVygt00oASowB7EdtpOHaaPgKt812P9ab+DDKA==",
      "hasInstallScript": true,
      "license": "MIT",
      "optional": true,
      "os": [
        "darwin"
      ],
      "engines": {
        "node": "^8.16.0 || ^10.6.0 || >=11.0.0"
      }
    },
    "node_modules/patchright": {
      "version": "1.59.1",
      "resolved": "https://registry.npmjs.org/patchright/-/patchright-1.59.1.tgz",
      "integrity": "sha512-nrWFE1/U3qu9ybrgNFJt75iTiszvZ23Dn4S6UDSydbXJtbyBXRVGenHowKq6n7hmArGYPVTfuDqiXVH7avPkiw==",
      "license": "Apache-2.0",
      "optional": true,
      "dependencies": {
        "patchright-core": "1.59.1"
      },
      "bin": {
        "patchright": "cli.js"
      },
      "engines": {
        "node": ">=18"
      },
      "optionalDependencies": {
        "fsevents": "2.3.2"
      }
    },
    "node_modules/patchright-core": {
      "version": "1.59.1",
      "resolved": "https://registry.npmjs.org/patchright-core/-/patchright-core-1.59.1.tgz",
      "integrity": "sha512-VthHtavFwFgs5VRalZtbacmjw8E7SPXPhGjfOakvjPsrJcIHl/i7K9lgKYpevy4F90+/GQSJiO0Mt58JB4+9HQ==",
      "license": "Apache-2.0",
      "optional": true,
      "bin": {
        "patchright-core": "cli.js"
      },
      "engines": {
        "node": ">=18"
      }
    }
  }
}
